Microsoft Visual Studio Solution File, Format Version 12.00
# Visual Studio Version 17
VisualStudioVersion = 17.0.31903.59
MinimumVisualStudioVersion = 10.0.40219.1
Project("{FAE04EC0-301F-11D3-BF4B-00C04F79EFBC}") = "PLAYER 223", "PLAYER 223.csproj", "{477CD19A-6E82-480C-8E5F-77DA5148E3C6}"
EndProject
Global
	GlobalSection(SolutionConfigurationPlatforms) = preSolution
		Debug|Any CPU = Debug|Any CPU
		Release|Any CPU = Release|Any CPU
	EndGlobalSection
	GlobalSection(ProjectConfigurationPlatforms) = postSolution
		{477CD19A-6E82-480C-8E5F-77DA5148E3C6}.Debug|Any CPU.ActiveCfg = Debug|Any CPU
		{477CD19A-6E82-480C-8E5F-77DA5148E3C6}.Debug|Any CPU.Build.0 = Debug|Any CPU
		{477CD19A-6E82-480C-8E5F-77DA5148E3C6}.Release|Any CPU.ActiveCfg = Release|Any CPU
		{477CD19A-6E82-480C-8E5F-77DA5148E3C6}.Release|Any CPU.Build.0 = Release|Any CPU
	EndGlobalSection
	GlobalSection(SolutionProperties) = preSolution
		HideSolutionNode = FALSE
	EndGlobalSection
EndGlobal